# This file is autogenerated, do not edit; changes may be undone by the next 'dep ensure'.


[[projects]]
  digest = "1:8a80feff2de31dc8f4844e1788cbdfac87b8f5ca9a5e43395c1a095121efae63"
  name = "github.com/fsnotify/fsevents"
  packages = ["."]
  pruneopts = "UT"
  revision = "f721bd2b045774a566e8f7f5fa2a9985e04c875d"
  version = "v0.1.1"

[solve-meta]
  analyzer-name = "dep"
  analyzer-version = 1
  input-imports = ["github.com/fsnotify/fsevents"]
  solver-name = "gps-cdcl"
  solver-version = 1
